
Microsoft Visual Studio Solution File, Format Version 12.00
# Visual Studio Version 17
VisualStudioVersion = 17.3.32922.545
MinimumVisualStudioVersion = 10.0.40219.1
Project("{888888A0-9F3D-457C-B088-3A5042F75D52}") = "TestVSPy", "TestVSPy.pyproj", "{C06D07FD-F85B-4F7B-AAE1-6E968F51477A}"
EndProject
Global
	GlobalSection(SolutionConfigurationPlatforms) = preSolution
		Debug|Any CPU = Debug|Any CPU
		Release|Any CPU = Release|Any CPU
	EndGlobalSection
	GlobalSection(ProjectConfigurationPlatforms) = postSolution
		{C06D07FD-F85B-4F7B-AAE1-6E968F51477A}.Debug|Any CPU.ActiveCfg = Debug|Any CPU
		{C06D07FD-F85B-4F7B-AAE1-6E968F51477A}.Release|Any CPU.ActiveCfg = Release|Any CPU
	EndGlobalSection
	GlobalSection(SolutionProperties) = preSolution
		HideSolutionNode = FALSE
	EndGlobalSection
	GlobalSection(ExtensibilityGlobals) = postSolution
		SolutionGuid = {5EBDF715-EDAA-4FE8-B412-D21AC21BEA88}
	EndGlobalSection
EndGlobal
